PODS:
  - device_info_plus (0.0.1):
    - Flutter
  - Flutter (1.0.0)
  - local_auth_ios (0.0.1):
    - Flutter
  - modal_progress_hud_nsn (0.4.0):
    - Flutter
  - open_filex (0.0.2):
    - Flutter
  - path_provider_foundation (0.0.1):
    - Flutter
    - FlutterMacOS
  - shared_preferences_foundation (0.0.1):
    - Flutter
    - FlutterMacOS

DEPENDENCIES:
  - device_info_plus (from `.symlinks/plugins/device_info_plus/ios`)
  - Flutter (from `Flutter`)
  - local_auth_ios (from `.symlinks/plugins/local_auth_ios/ios`)
  - modal_progress_hud_nsn (from `.symlinks/plugins/modal_progress_hud_nsn/ios`)
  - open_filex (from `.symlinks/plugins/open_filex/ios`)
  - path_provider_foundation (from `.symlinks/plugins/path_provider_foundation/darwin`)
  - shared_preferences_foundation (from `.symlinks/plugins/shared_preferences_foundation/darwin`)

EXTERNAL SOURCES:
  device_info_plus:
    :path: ".symlinks/plugins/device_info_plus/ios"
  Flutter:
    :path: Flutter
  local_auth_ios:
    :path: ".symlinks/plugins/local_auth_ios/ios"
  modal_progress_hud_nsn:
    :path: ".symlinks/plugins/modal_progress_hud_nsn/ios"
  open_filex:
    :path: ".symlinks/plugins/open_filex/ios"
  path_provider_foundation:
    :path: ".symlinks/plugins/path_provider_foundation/darwin"
  shared_preferences_foundation:
    :path: ".symlinks/plugins/shared_preferences_foundation/darwin"

SPEC CHECKSUMS:
  device_info_plus: c6fb39579d0f423935b0c9ce7ee2f44b71b9fce6
  Flutter: f04841e97a9d0b0a8025694d0796dd46242b2854
  local_auth_ios: c6cf091ded637a88f24f86a8875d8b0f526e2605
  modal_progress_hud_nsn: b66f99f02da7de83484e50dfe1fe2d71ac406e67
  open_filex: 6e26e659846ec990262224a12ef1c528bb4edbe4
  path_provider_foundation: eaf5b3e458fc0e5fbb9940fb09980e853fe058b8
  shared_preferences_foundation: e2dae3258e06f44cc55f49d42024fd8dd03c590c

PODFILE CHECKSUM: 7368163408c647b7eb699d0d788ba6718e18fb8d

COCOAPODS: 1.15.2
